
Microsoft Visual Studio Solution File, Format Version 12.00
# Visual Studio 2013
VisualStudioVersion = 12.0.40629.0
MinimumVisualStudioVersion = 10.0.40219.1
Project("{FAE04EC0-301F-11D3-BF4B-00C04F79EFBC}") = "KIID", "KIID.csproj", "{0E17EB0A-A938-4339-BC12-48AF9D8B0B34}"
EndProject
Project("{FAE04EC0-301F-11D3-BF4B-00C04F79EFBC}") = "KIID-Frontend", "..\KIID-Frontend\KIID-Frontend.csproj", "{C95C06FC-37C7-4886-994E-03FBFE132FD1}"
	ProjectSection(ProjectDependencies) = postProject
		{0E17EB0A-A938-4339-BC12-48AF9D8B0B34} = {0E17EB0A-A938-4339-BC12-48AF9D8B0B34}
	EndProjectSection
EndProject
Project("{6141683F-8A12-4E36-9623-2EB02B2C2303}") = "SetupKiid", "..\SetupKiid\SetupKiid.isproj", "{2D1E1748-7F9D-4E02-B75B-D4CA036943E0}"
	ProjectSection(ProjectDependencies) = postProject
		{0E17EB0A-A938-4339-BC12-48AF9D8B0B34} = {0E17EB0A-A938-4339-BC12-48AF9D8B0B34}
		{C95C06FC-37C7-4886-994E-03FBFE132FD1} = {C95C06FC-37C7-4886-994E-03FBFE132FD1}
	EndProjectSection
EndProject
Global
	GlobalSection(SolutionConfigurationPlatforms) = preSolution
		CD_ROM|Any CPU = CD_ROM|Any CPU
		CD_ROM|Mixed Platforms = CD_ROM|Mixed Platforms
		CD_ROM|x86 = CD_ROM|x86
		Debug|Any CPU = Debug|Any CPU
		Debug|Mixed Platforms = Debug|Mixed Platforms
		Debug|x86 = Debug|x86
		DVD-5|Any CPU = DVD-5|Any CPU
		DVD-5|Mixed Platforms = DVD-5|Mixed Platforms
		DVD-5|x86 = DVD-5|x86
		Release|Any CPU = Release|Any CPU
		Release|Mixed Platforms = Release|Mixed Platforms
		Release|x86 = Release|x86
		SingleImage|Any CPU = SingleImage|Any CPU
		SingleImage|Mixed Platforms = SingleImage|Mixed Platforms
		SingleImage|x86 = SingleImage|x86
	EndGlobalSection
	GlobalSection(ProjectConfigurationPlatforms) = postSolution
		{0E17EB0A-A938-4339-BC12-48AF9D8B0B34}.CD_ROM|Any CPU.ActiveCfg = Release|x86
		{0E17EB0A-A938-4339-BC12-48AF9D8B0B34}.CD_ROM|Mixed Platforms.ActiveCfg = Release|x86
		{0E17EB0A-A938-4339-BC12-48AF9D8B0B34}.CD_ROM|Mixed Platforms.Build.0 = Release|x86
		{0E17EB0A-A938-4339-BC12-48AF9D8B0B34}.CD_ROM|x86.ActiveCfg = Release|x86
		{0E17EB0A-A938-4339-BC12-48AF9D8B0B34}.CD_ROM|x86.Build.0 = Release|x86
		{0E17EB0A-A938-4339-BC12-48AF9D8B0B34}.Debug|Any CPU.ActiveCfg = Debug|x86
		{0E17EB0A-A938-4339-BC12-48AF9D8B0B34}.Debug|Mixed Platforms.ActiveCfg = Debug|x86
		{0E17EB0A-A938-4339-BC12-48AF9D8B0B34}.Debug|Mixed Platforms.Build.0 = Debug|x86
		{0E17EB0A-A938-4339-BC12-48AF9D8B0B34}.Debug|x86.ActiveCfg = Debug|x86
		{0E17EB0A-A938-4339-BC12-48AF9D8B0B34}.Debug|x86.Build.0 = Debug|x86
		{0E17EB0A-A938-4339-BC12-48AF9D8B0B34}.DVD-5|Any CPU.ActiveCfg = Debug|x86
		{0E17EB0A-A938-4339-BC12-48AF9D8B0B34}.DVD-5|Mixed Platforms.ActiveCfg = Debug|x86
		{0E17EB0A-A938-4339-BC12-48AF9D8B0B34}.DVD-5|Mixed Platforms.Build.0 = Debug|x86
		{0E17EB0A-A938-4339-BC12-48AF9D8B0B34}.DVD-5|x86.ActiveCfg = Debug|x86
		{0E17EB0A-A938-4339-BC12-48AF9D8B0B34}.DVD-5|x86.Build.0 = Debug|x86
		{0E17EB0A-A938-4339-BC12-48AF9D8B0B34}.Release|Any CPU.ActiveCfg = Release|x86
		{0E17EB0A-A938-4339-BC12-48AF9D8B0B34}.Release|Mixed Platforms.ActiveCfg = Release|x86
		{0E17EB0A-A938-4339-BC12-48AF9D8B0B34}.Release|Mixed Platforms.Build.0 = Release|x86
		{0E17EB0A-A938-4339-BC12-48AF9D8B0B34}.Release|x86.ActiveCfg = Release|x86
		{0E17EB0A-A938-4339-BC12-48AF9D8B0B34}.Release|x86.Build.0 = Release|x86
		{0E17EB0A-A938-4339-BC12-48AF9D8B0B34}.SingleImage|Any CPU.ActiveCfg = Release|x86
		{0E17EB0A-A938-4339-BC12-48AF9D8B0B34}.SingleImage|Mixed Platforms.ActiveCfg = Release|x86
		{0E17EB0A-A938-4339-BC12-48AF9D8B0B34}.SingleImage|Mixed Platforms.Build.0 = Release|x86
		{0E17EB0A-A938-4339-BC12-48AF9D8B0B34}.SingleImage|x86.ActiveCfg = Release|x86
		{0E17EB0A-A938-4339-BC12-48AF9D8B0B34}.SingleImage|x86.Build.0 = Release|x86
		{C95C06FC-37C7-4886-994E-03FBFE132FD1}.CD_ROM|Any CPU.ActiveCfg = Release|Any CPU
		{C95C06FC-37C7-4886-994E-03FBFE132FD1}.CD_ROM|Any CPU.Build.0 = Release|Any CPU
		{C95C06FC-37C7-4886-994E-03FBFE132FD1}.CD_ROM|Mixed Platforms.ActiveCfg = Release|Any CPU
		{C95C06FC-37C7-4886-994E-03FBFE132FD1}.CD_ROM|Mixed Platforms.Build.0 = Release|Any CPU
		{C95C06FC-37C7-4886-994E-03FBFE132FD1}.CD_ROM|x86.ActiveCfg = Release|Any CPU
		{C95C06FC-37C7-4886-994E-03FBFE132FD1}.Debug|Any CPU.ActiveCfg = Debug|Any CPU
		{C95C06FC-37C7-4886-994E-03FBFE132FD1}.Debug|Any CPU.Build.0 = Debug|Any CPU
		{C95C06FC-37C7-4886-994E-03FBFE132FD1}.Debug|Mixed Platforms.ActiveCfg = Debug|Any CPU
		{C95C06FC-37C7-4886-994E-03FBFE132FD1}.Debug|Mixed Platforms.Build.0 = Debug|Any CPU
		{C95C06FC-37C7-4886-994E-03FBFE132FD1}.Debug|x86.ActiveCfg = Debug|Any CPU
		{C95C06FC-37C7-4886-994E-03FBFE132FD1}.Debug|x86.Build.0 = Debug|Any CPU
		{C95C06FC-37C7-4886-994E-03FBFE132FD1}.DVD-5|Any CPU.ActiveCfg = Debug|Any CPU
		{C95C06FC-37C7-4886-994E-03FBFE132FD1}.DVD-5|Any CPU.Build.0 = Debug|Any CPU
		{C95C06FC-37C7-4886-994E-03FBFE132FD1}.DVD-5|Mixed Platforms.ActiveCfg = Debug|Any CPU
		{C95C06FC-37C7-4886-994E-03FBFE132FD1}.DVD-5|Mixed Platforms.Build.0 = Debug|Any CPU
		{C95C06FC-37C7-4886-994E-03FBFE132FD1}.DVD-5|x86.ActiveCfg = Debug|Any CPU
		{C95C06FC-37C7-4886-994E-03FBFE132FD1}.Release|Any CPU.ActiveCfg = Release|Any CPU
		{C95C06FC-37C7-4886-994E-03FBFE132FD1}.Release|Any CPU.Build.0 = Release|Any CPU
		{C95C06FC-37C7-4886-994E-03FBFE132FD1}.Release|Mixed Platforms.ActiveCfg = Release|Any CPU
		{C95C06FC-37C7-4886-994E-03FBFE132FD1}.Release|Mixed Platforms.Build.0 = Release|Any CPU
		{C95C06FC-37C7-4886-994E-03FBFE132FD1}.Release|x86.ActiveCfg = Release|Any CPU
		{C95C06FC-37C7-4886-994E-03FBFE132FD1}.Release|x86.Build.0 = Release|Any CPU
		{C95C06FC-37C7-4886-994E-03FBFE132FD1}.SingleImage|Any CPU.ActiveCfg = Release|Any CPU
		{C95C06FC-37C7-4886-994E-03FBFE132FD1}.SingleImage|Any CPU.Build.0 = Release|Any CPU
		{C95C06FC-37C7-4886-994E-03FBFE132FD1}.SingleImage|Mixed Platforms.ActiveCfg = Release|Any CPU
		{C95C06FC-37C7-4886-994E-03FBFE132FD1}.SingleImage|Mixed Platforms.Build.0 = Release|Any CPU
		{C95C06FC-37C7-4886-994E-03FBFE132FD1}.SingleImage|x86.ActiveCfg = Release|Any CPU
		{2D1E1748-7F9D-4E02-B75B-D4CA036943E0}.CD_ROM|Any CPU.ActiveCfg = CD_ROM
		{2D1E1748-7F9D-4E02-B75B-D4CA036943E0}.CD_ROM|Any CPU.Build.0 = CD_ROM
		{2D1E1748-7F9D-4E02-B75B-D4CA036943E0}.CD_ROM|Mixed Platforms.ActiveCfg = CD_ROM
		{2D1E1748-7F9D-4E02-B75B-D4CA036943E0}.CD_ROM|Mixed Platforms.Build.0 = CD_ROM
		{2D1E1748-7F9D-4E02-B75B-D4CA036943E0}.CD_ROM|x86.ActiveCfg = CD_ROM
		{2D1E1748-7F9D-4E02-B75B-D4CA036943E0}.CD_ROM|x86.Build.0 = CD_ROM
		{2D1E1748-7F9D-4E02-B75B-D4CA036943E0}.Debug|Any CPU.ActiveCfg = DVD-5
		{2D1E1748-7F9D-4E02-B75B-D4CA036943E0}.Debug|Any CPU.Build.0 = DVD-5
		{2D1E1748-7F9D-4E02-B75B-D4CA036943E0}.Debug|Mixed Platforms.ActiveCfg = DVD-5
		{2D1E1748-7F9D-4E02-B75B-D4CA036943E0}.Debug|Mixed Platforms.Build.0 = DVD-5
		{2D1E1748-7F9D-4E02-B75B-D4CA036943E0}.Debug|x86.ActiveCfg = DVD-5
		{2D1E1748-7F9D-4E02-B75B-D4CA036943E0}.Debug|x86.Build.0 = DVD-5
		{2D1E1748-7F9D-4E02-B75B-D4CA036943E0}.DVD-5|Any CPU.ActiveCfg = DVD-5
		{2D1E1748-7F9D-4E02-B75B-D4CA036943E0}.DVD-5|Any CPU.Build.0 = DVD-5
		{2D1E1748-7F9D-4E02-B75B-D4CA036943E0}.DVD-5|Mixed Platforms.ActiveCfg = DVD-5
		{2D1E1748-7F9D-4E02-B75B-D4CA036943E0}.DVD-5|Mixed Platforms.Build.0 = DVD-5
		{2D1E1748-7F9D-4E02-B75B-D4CA036943E0}.DVD-5|x86.ActiveCfg = DVD-5
		{2D1E1748-7F9D-4E02-B75B-D4CA036943E0}.DVD-5|x86.Build.0 = DVD-5
		{2D1E1748-7F9D-4E02-B75B-D4CA036943E0}.Release|Any CPU.ActiveCfg = SingleImage
		{2D1E1748-7F9D-4E02-B75B-D4CA036943E0}.Release|Any CPU.Build.0 = SingleImage
		{2D1E1748-7F9D-4E02-B75B-D4CA036943E0}.Release|Mixed Platforms.ActiveCfg = SingleImage
		{2D1E1748-7F9D-4E02-B75B-D4CA036943E0}.Release|Mixed Platforms.Build.0 = SingleImage
		{2D1E1748-7F9D-4E02-B75B-D4CA036943E0}.Release|x86.ActiveCfg = SingleImage
		{2D1E1748-7F9D-4E02-B75B-D4CA036943E0}.Release|x86.Build.0 = SingleImage
		{2D1E1748-7F9D-4E02-B75B-D4CA036943E0}.SingleImage|Any CPU.ActiveCfg = SingleImage
		{2D1E1748-7F9D-4E02-B75B-D4CA036943E0}.SingleImage|Any CPU.Build.0 = SingleImage
		{2D1E1748-7F9D-4E02-B75B-D4CA036943E0}.SingleImage|Mixed Platforms.ActiveCfg = SingleImage
		{2D1E1748-7F9D-4E02-B75B-D4CA036943E0}.SingleImage|Mixed Platforms.Build.0 = SingleImage
		{2D1E1748-7F9D-4E02-B75B-D4CA036943E0}.SingleImage|x86.ActiveCfg = SingleImage
		{2D1E1748-7F9D-4E02-B75B-D4CA036943E0}.SingleImage|x86.Build.0 = SingleImage
	EndGlobalSection
	GlobalSection(SolutionProperties) = preSolution
		HideSolutionNode = FALSE
	EndGlobalSection
EndGlobal
